// !$*UTF8*$!
{
	archiveVersion = 1;
	classes = {
	};
	objectVersion = 56;
	objects = {

/* Begin PBXBuildFile section */
		090777A429E3F85E0005CA2D /* PreferenceKeys.swift in Sources */ = {isa = PBXBuildFile; fileRef = 090777A329E3F85E0005CA2D /* PreferenceKeys.swift */; };
		090777A629E3FDB80005CA2D /* AnimatableFontModifier.swift in Sources */ = {isa = PBXBuildFile; fileRef = 090777A529E3FDB80005CA2D /* AnimatableFontModifier.swift */; };
		090777A829E403980005CA2D /* Course.swift in Sources */ = {isa = PBXBuildFile; fileRef = 090777A729E403980005CA2D /* Course.swift */; };
		090777AE29E5A08E0005CA2D /* MatchedView.swift in Sources */ = {isa = PBXBuildFile; fileRef = 090777AD29E5A08E0005CA2D /* MatchedView.swift */; };
		090777B029E5A73B0005CA2D /* CourseItem.swift in Sources */ = {isa = PBXBuildFile; fileRef = 090777AF29E5A73B0005CA2D /* CourseItem.swift */; };
		090777B229E5A7F50005CA2D /* CourseView.swift in Sources */ = {isa = PBXBuildFile; fileRef = 090777B129E5A7F50005CA2D /* CourseView.swift */; };
		090777B429E5B95B0005CA2D /* Animations.swift in Sources */ = {isa = PBXBuildFile; fileRef = 090777B329E5B95B0005CA2D /* Animations.swift */; };
		090777B629E6CE250005CA2D /* Model.swift in Sources */ = {isa = PBXBuildFile; fileRef = 090777B529E6CE250005CA2D /* Model.swift */; };
		092A3D8629CDE45000EA1AA0 /* EducationalAPPApp.swift in Sources */ = {isa = PBXBuildFile; fileRef = 092A3D8529CDE45000EA1AA0 /* EducationalAPPApp.swift */; };
		092A3D8829CDE45000EA1AA0 /* ContentView.swift in Sources */ = {isa = PBXBuildFile; fileRef = 092A3D8729CDE45000EA1AA0 /* ContentView.swift */; };
		092A3D8A29CDE45200EA1AA0 /* Assets.xcassets in Resources */ = {isa = PBXBuildFile; fileRef = 092A3D8929CDE45200EA1AA0 /* Assets.xcassets */; };
		092A3D8D29CDE45200EA1AA0 /* Preview Assets.xcassets in Resources */ = {isa = PBXBuildFile; fileRef = 092A3D8C29CDE45200EA1AA0 /* Preview Assets.xcassets */; };
		092A3DB429D4376500EA1AA0 /* Styles.swift in Sources */ = {isa = PBXBuildFile; fileRef = 092A3DB329D4376500EA1AA0 /* Styles.swift */; };
		092A3DBC29D6BFFC00EA1AA0 /* AccountView.swift in Sources */ = {isa = PBXBuildFile; fileRef = 092A3DBB29D6BFFC00EA1AA0 /* AccountView.swift */; };
		098CD3B129DB31F900A8902E /* HexagonView.swift in Sources */ = {isa = PBXBuildFile; fileRef = 098CD3B029DB31F900A8902E /* HexagonView.swift */; };
		098CD3B329DB35CA00A8902E /* AnimatedBlobView.swift in Sources */ = {isa = PBXBuildFile; fileRef = 098CD3B229DB35CA00A8902E /* AnimatedBlobView.swift */; };
		098CD3B529DB410300A8902E /* TabBar.swift in Sources */ = {isa = PBXBuildFile; fileRef = 098CD3B429DB410300A8902E /* TabBar.swift */; };
		098CD3B729DBEBC100A8902E /* Tab.swift in Sources */ = {isa = PBXBuildFile; fileRef = 098CD3B629DBEBC100A8902E /* Tab.swift */; };
		098CD3B929DC3CFC00A8902E /* HomeView.swift in Sources */ = {isa = PBXBuildFile; fileRef = 098CD3B829DC3CFC00A8902E /* HomeView.swift */; };
		098CD3D429DFE9BC00A8902E /* FeaturedItem.swift in Sources */ = {isa = PBXBuildFile; fileRef = 098CD3D329DFE9BC00A8902E /* FeaturedItem.swift */; };
		098CD3D629DFEECE00A8902E /* NavigationBar.swift in Sources */ = {isa = PBXBuildFile; fileRef = 098CD3D529DFEECE00A8902E /* NavigationBar.swift */; };
/* End PBXBuildFile section */

/* Begin PBXFileReference section */
		090777A329E3F85E0005CA2D /* PreferenceKeys.swift */ = {isa = PBXFileReference; lastKnownFileType = sourcecode.swift; path = PreferenceKeys.swift; sourceTree = "<group>"; };
		090777A529E3FDB80005CA2D /* AnimatableFontModifier.swift */ = {isa = PBXFileReference; lastKnownFileType = sourcecode.swift; path = AnimatableFontModifier.swift; sourceTree = "<group>"; };
		090777A729E403980005CA2D /* Course.swift */ = {isa = PBXFileReference; lastKnownFileType = sourcecode.swift; path = Course.swift; sourceTree = "<group>"; };
		090777AD29E5A08E0005CA2D /* MatchedView.swift */ = {isa = PBXFileReference; lastKnownFileType = sourcecode.swift; path = MatchedView.swift; sourceTree = "<group>"; };
		090777AF29E5A73B0005CA2D /* CourseItem.swift */ = {isa = PBXFileReference; lastKnownFileType = sourcecode.swift; path = CourseItem.swift; sourceTree = "<group>"; };
		090777B129E5A7F50005CA2D /* CourseView.swift */ = {isa = PBXFileReference; lastKnownFileType = sourcecode.swift; path = CourseView.swift; sourceTree = "<group>"; };
		090777B329E5B95B0005CA2D /* Animations.swift */ = {isa = PBXFileReference; lastKnownFileType = sourcecode.swift; path = Animations.swift; sourceTree = "<group>"; };
		090777B529E6CE250005CA2D /* Model.swift */ = {isa = PBXFileReference; lastKnownFileType = sourcecode.swift; path = Model.swift; sourceTree = "<group>"; };
		092A3D8229CDE45000EA1AA0 /* EducationalAPP.app */ = {isa = PBXFileReference; explicitFileType = wrapper.application; includeInIndex = 0; path = EducationalAPP.app; sourceTree = BUILT_PRODUCTS_DIR; };
		092A3D8529CDE45000EA1AA0 /* EducationalAPPApp.swift */ = {isa = PBXFileReference; lastKnownFileType = sourcecode.swift; path = EducationalAPPApp.swift; sourceTree = "<group>"; };
		092A3D8729CDE45000EA1AA0 /* ContentView.swift */ = {isa = PBXFileReference; lastKnownFileType = sourcecode.swift; path = ContentView.swift; sourceTree = "<group>"; };
		092A3D8929CDE45200EA1AA0 /* Assets.xcassets */ = {isa = PBXFileReference; lastKnownFileType = folder.assetcatalog; path = Assets.xcassets; sourceTree = "<group>"; };
		092A3D8C29CDE45200EA1AA0 /* Preview Assets.xcassets */ = {isa = PBXFileReference; lastKnownFileType = folder.assetcatalog; path = "Preview Assets.xcassets"; sourceTree = "<group>"; };
		092A3DB329D4376500EA1AA0 /* Styles.swift */ = {isa = PBXFileReference; lastKnownFileType = sourcecode.swift; path = Styles.swift; sourceTree = "<group>"; };
		092A3DBB29D6BFFC00EA1AA0 /* AccountView.swift */ = {isa = PBXFileReference; lastKnownFileType = sourcecode.swift; path = AccountView.swift; sourceTree = "<group>"; };
		098CD3B029DB31F900A8902E /* HexagonView.swift */ = {isa = PBXFileReference; lastKnownFileType = sourcecode.swift; path = HexagonView.swift; sourceTree = "<group>"; };
		098CD3B229DB35CA00A8902E /* AnimatedBlobView.swift */ = {isa = PBXFileReference; lastKnownFileType = sourcecode.swift; path = AnimatedBlobView.swift; sourceTree = "<group>"; };
		098CD3B429DB410300A8902E /* TabBar.swift */ = {isa = PBXFileReference; lastKnownFileType = sourcecode.swift; path = TabBar.swift; sourceTree = "<group>"; };
		098CD3B629DBEBC100A8902E /* Tab.swift */ = {isa = PBXFileReference; lastKnownFileType = sourcecode.swift; path = Tab.swift; sourceTree = "<group>"; };
		098CD3B829DC3CFC00A8902E /* HomeView.swift */ = {isa = PBXFileReference; lastKnownFileType = sourcecode.swift; path = HomeView.swift; sourceTree = "<group>"; };
		098CD3D329DFE9BC00A8902E /* FeaturedItem.swift */ = {isa = PBXFileReference; lastKnownFileType = sourcecode.swift; path = FeaturedItem.swift; sourceTree = "<group>"; };
		098CD3D529DFEECE00A8902E /* NavigationBar.swift */ = {isa = PBXFileReference; lastKnownFileType = sourcecode.swift; path = NavigationBar.swift; sourceTree = "<group>"; };
/* End PBXFileReference section */

/* Begin PBXFrameworksBuildPhase section */
		092A3D7F29CDE45000EA1AA0 /* Frameworks */ = {
			isa = PBXFrameworksBuildPhase;
			buildActionMask = 2147483647;
			files = (
			);
			runOnlyForDeploymentPostprocessing = 0;
		};
/* End PBXFrameworksBuildPhase section */

/* Begin PBXGroup section */
		092A3D7929CDE45000EA1AA0 = {
			isa = PBXGroup;
			children = (
				092A3D8429CDE45000EA1AA0 /* EducationalAPP */,
				092A3D8329CDE45000EA1AA0 /* Products */,
			);
			sourceTree = "<group>";
		};
		092A3D8329CDE45000EA1AA0 /* Products */ = {
			isa = PBXGroup;
			children = (
				092A3D8229CDE45000EA1AA0 /* EducationalAPP.app */,
			);
			name = Products;
			sourceTree = "<group>";
		};
		092A3D8429CDE45000EA1AA0 /* EducationalAPP */ = {
			isa = PBXGroup;
			children = (
				092A3D8529CDE45000EA1AA0 /* EducationalAPPApp.swift */,
				098CD3CE29DFE74100A8902E /* Navigation */,
				098CD3CF29DFE75A00A8902E /* Views */,
				098CD3D029DFE76900A8902E /* Components */,
				098CD3D129DFE81500A8902E /* Model */,
				098CD3D229DFE82300A8902E /* Styles */,
				092A3D8929CDE45200EA1AA0 /* Assets.xcassets */,
				092A3D8B29CDE45200EA1AA0 /* Preview Content */,
			);
			path = EducationalAPP;
			sourceTree = "<group>";
		};
		092A3D8B29CDE45200EA1AA0 /* Preview Content */ = {
			isa = PBXGroup;
			children = (
				092A3D8C29CDE45200EA1AA0 /* Preview Assets.xcassets */,
			);
			path = "Preview Content";
			sourceTree = "<group>";
		};
		098CD3CE29DFE74100A8902E /* Navigation */ = {
			isa = PBXGroup;
			children = (
				098CD3B429DB410300A8902E /* TabBar.swift */,
				092A3D8729CDE45000EA1AA0 /* ContentView.swift */,
				098CD3D529DFEECE00A8902E /* NavigationBar.swift */,
			);
			path = Navigation;
			sourceTree = "<group>";
		};
		098CD3CF29DFE75A00A8902E /* Views */ = {
			isa = PBXGroup;
			children = (
				098CD3B829DC3CFC00A8902E /* HomeView.swift */,
				092A3DBB29D6BFFC00EA1AA0 /* AccountView.swift */,
				090777AD29E5A08E0005CA2D /* MatchedView.swift */,
				090777B129E5A7F50005CA2D /* CourseView.swift */,
			);
			path = Views;
			sourceTree = "<group>";
		};
		098CD3D029DFE76900A8902E /* Components */ = {
			isa = PBXGroup;
			children = (
				098CD3B229DB35CA00A8902E /* AnimatedBlobView.swift */,
				098CD3B029DB31F900A8902E /* HexagonView.swift */,
				098CD3D329DFE9BC00A8902E /* FeaturedItem.swift */,
				090777AF29E5A73B0005CA2D /* CourseItem.swift */,
			);
			path = Components;
			sourceTree = "<group>";
		};
		098CD3D129DFE81500A8902E /* Model */ = {
			isa = PBXGroup;
			children = (
				098CD3B629DBEBC100A8902E /* Tab.swift */,
				090777B529E6CE250005CA2D /* Model.swift */,
				090777A329E3F85E0005CA2D /* PreferenceKeys.swift */,
				090777A729E403980005CA2D /* Course.swift */,
			);
			path = Model;
			sourceTree = "<group>";
		};
		098CD3D229DFE82300A8902E /* Styles */ = {
			isa = PBXGroup;
			children = (
				092A3DB329D4376500EA1AA0 /* Styles.swift */,
				090777A529E3FDB80005CA2D /* AnimatableFontModifier.swift */,
				090777B329E5B95B0005CA2D /* Animations.swift */,
			);
			path = Styles;
			sourceTree = "<group>";
		};
/* End PBXGroup section */

/* Begin PBXNativeTarget section */
		092A3D8129CDE45000EA1AA0 /* EducationalAPP */ = {
			isa = PBXNativeTarget;
			buildConfigurationList = 092A3D9029CDE45200EA1AA0 /* Build configuration list for PBXNativeTarget "EducationalAPP" */;
			buildPhases = (
				092A3D7E29CDE45000EA1AA0 /* Sources */,
				092A3D7F29CDE45000EA1AA0 /* Frameworks */,
				092A3D8029CDE45000EA1AA0 /* Resources */,
			);
			buildRules = (
			);
			dependencies = (
			);
			name = EducationalAPP;
			productName = EducationalAPP;
			productReference = 092A3D8229CDE45000EA1AA0 /* EducationalAPP.app */;
			productType = "com.apple.product-type.application";
		};
/* End PBXNativeTarget section */

/* Begin PBXProject section */
		092A3D7A29CDE45000EA1AA0 /* Project object */ = {
			isa = PBXProject;
			attributes = {
				BuildIndependentTargetsInParallel = 1;
				LastSwiftUpdateCheck = 1420;
				LastUpgradeCheck = 1420;
				TargetAttributes = {
					092A3D8129CDE45000EA1AA0 = {
						CreatedOnToolsVersion = 14.2;
					};
				};
			};
			buildConfigurationList = 092A3D7D29CDE45000EA1AA0 /* Build configuration list for PBXProject "EducationalAPP" */;
			compatibilityVersion = "Xcode 14.0";
			developmentRegion = en;
			hasScannedForEncodings = 0;
			knownRegions = (
				en,
				Base,
			);
			mainGroup = 092A3D7929CDE45000EA1AA0;
			productRefGroup = 092A3D8329CDE45000EA1AA0 /* Products */;
			projectDirPath = "";
			projectRoot = "";
			targets = (
				092A3D8129CDE45000EA1AA0 /* EducationalAPP */,
			);
		};
/* End PBXProject section */

/* Begin PBXResourcesBuildPhase section */
		092A3D8029CDE45000EA1AA0 /* Resources */ = {
			isa = PBXResourcesBuildPhase;
			buildActionMask = 2147483647;
			files = (
				092A3D8D29CDE45200EA1AA0 /* Preview Assets.xcassets in Resources */,
				092A3D8A29CDE45200EA1AA0 /* Assets.xcassets in Resources */,
			);
			runOnlyForDeploymentPostprocessing = 0;
		};
/* End PBXResourcesBuildPhase section */

/* Begin PBXSourcesBuildPhase section */
		092A3D7E29CDE45000EA1AA0 /* Sources */ = {
			isa = PBXSourcesBuildPhase;
			buildActionMask = 2147483647;
			files = (
				098CD3B929DC3CFC00A8902E /* HomeView.swift in Sources */,
				092A3DBC29D6BFFC00EA1AA0 /* AccountView.swift in Sources */,
				090777B229E5A7F50005CA2D /* CourseView.swift in Sources */,
				098CD3B129DB31F900A8902E /* HexagonView.swift in Sources */,
				092A3DB429D4376500EA1AA0 /* Styles.swift in Sources */,
				090777AE29E5A08E0005CA2D /* MatchedView.swift in Sources */,
				090777A629E3FDB80005CA2D /* AnimatableFontModifier.swift in Sources */,
				098CD3B729DBEBC100A8902E /* Tab.swift in Sources */,
				098CD3D629DFEECE00A8902E /* NavigationBar.swift in Sources */,
				092A3D8829CDE45000EA1AA0 /* ContentView.swift in Sources */,
				090777A829E403980005CA2D /* Course.swift in Sources */,
				098CD3B329DB35CA00A8902E /* AnimatedBlobView.swift in Sources */,
				090777B029E5A73B0005CA2D /* CourseItem.swift in Sources */,
				092A3D8629CDE45000EA1AA0 /* EducationalAPPApp.swift in Sources */,
				090777B429E5B95B0005CA2D /* Animations.swift in Sources */,
				098CD3D429DFE9BC00A8902E /* FeaturedItem.swift in Sources */,
				090777B629E6CE250005CA2D /* Model.swift in Sources */,
				090777A429E3F85E0005CA2D /* PreferenceKeys.swift in Sources */,
				098CD3B529DB410300A8902E /* TabBar.swift in Sources */,
			);
			runOnlyForDeploymentPostprocessing = 0;
		};
/* End PBXSourcesBuildPhase section */

/* Begin XCBuildConfiguration section */
		092A3D8E29CDE45200EA1AA0 /* Debug */ = {
			isa = XCBuildConfiguration;
			buildSettings = {
				ALWAYS_SEARCH_USER_PATHS = NO;
				CLANG_ANALYZER_NONNULL = YES;
				CLANG_ANALYZER_NUMBER_OBJECT_CONVERSION = YES_AGGRESSIVE;
				CLANG_CXX_LANGUAGE_STANDARD = "gnu++20";
				CLANG_ENABLE_MODULES = YES;
				CLANG_ENABLE_OBJC_ARC = YES;
				CLANG_ENABLE_OBJC_WEAK = YES;
				CLANG_WARN_BLOCK_CAPTURE_AUTORELEASING = YES;
				CLANG_WARN_BOOL_CONVERSION = YES;
				CLANG_WARN_COMMA = YES;
				CLANG_WARN_CONSTANT_CONVERSION = YES;
				CLANG_WARN_DEPRECATED_OBJC_IMPLEMENTATIONS = YES;
				CLANG_WARN_DIRECT_OBJC_ISA_USAGE = YES_ERROR;
				CLANG_WARN_DOCUMENTATION_COMMENTS = YES;
				CLANG_WARN_EMPTY_BODY = YES;
				CLANG_WARN_ENUM_CONVERSION = YES;
				CLANG_WARN_INFINITE_RECURSION = YES;
				CLANG_WARN_INT_CONVERSION = YES;
				CLANG_WARN_NON_LITERAL_NULL_CONVERSION = YES;
				CLANG_WARN_OBJC_IMPLICIT_RETAIN_SELF = YES;
				CLANG_WARN_OBJC_LITERAL_CONVERSION = YES;
				CLANG_WARN_OBJC_ROOT_CLASS = YES_ERROR;
				CLANG_WARN_QUOTED_INCLUDE_IN_FRAMEWORK_HEADER = YES;
				CLANG_WARN_RANGE_LOOP_ANALYSIS = YES;
				CLANG_WARN_STRICT_PROTOTYPES = YES;
				CLANG_WARN_SUSPICIOUS_MOVE = YES;
				CLANG_WARN_UNGUARDED_AVAILABILITY = YES_AGGRESSIVE;
				CLANG_WARN_UNREACHABLE_CODE = YES;
				CLANG_WARN__DUPLICATE_METHOD_MATCH = YES;
				COPY_PHASE_STRIP = NO;
				DEBUG_INFORMATION_FORMAT = dwarf;
				ENABLE_STRICT_OBJC_MSGSEND = YES;
				ENABLE_TESTABILITY = YES;
				GCC_C_LANGUAGE_STANDARD = gnu11;
				GCC_DYNAMIC_NO_PIC = NO;
				GCC_NO_COMMON_BLOCKS = YES;
				GCC_OPTIMIZATION_LEVEL = 0;
				GCC_PREPROCESSOR_DEFINITIONS = (
					"DEBUG=1",
					"$(inherited)",
				);
				GCC_WARN_64_TO_32_BIT_CONVERSION = YES;
				GCC_WARN_ABOUT_RETURN_TYPE = YES_ERROR;
				GCC_WARN_UNDECLARED_SELECTOR = YES;
				GCC_WARN_UNINITIALIZED_AUTOS = YES_AGGRESSIVE;
				GCC_WARN_UNUSED_FUNCTION = YES;
				GCC_WARN_UNUSED_VARIABLE = YES;
				IPHONEOS_DEPLOYMENT_TARGET = 16.2;
				MTL_ENABLE_DEBUG_INFO = INCLUDE_SOURCE;
				MTL_FAST_MATH = YES;
				ONLY_ACTIVE_ARCH = YES;
				SDKROOT = iphoneos;
				SWIFT_ACTIVE_COMPILATION_CONDITIONS = DEBUG;
				SWIFT_OPTIMIZATION_LEVEL = "-Onone";
			};
			name = Debug;
		};
		092A3D8F29CDE45200EA1AA0 /* Release */ = {
			isa = XCBuildConfiguration;
			buildSettings = {
				ALWAYS_SEARCH_USER_PATHS = NO;
				CLANG_ANALYZER_NONNULL = YES;
				CLANG_ANALYZER_NUMBER_OBJECT_CONVERSION = YES_AGGRESSIVE;
				CLANG_CXX_LANGUAGE_STANDARD = "gnu++20";
				CLANG_ENABLE_MODULES = YES;
				CLANG_ENABLE_OBJC_ARC = YES;
				CLANG_ENABLE_OBJC_WEAK = YES;
				CLANG_WARN_BLOCK_CAPTURE_AUTORELEASING = YES;
				CLANG_WARN_BOOL_CONVERSION = YES;
				CLANG_WARN_COMMA = YES;
				CLANG_WARN_CONSTANT_CONVERSION = YES;
				CLANG_WARN_DEPRECATED_OBJC_IMPLEMENTATIONS = YES;
				CLANG_WARN_DIRECT_OBJC_ISA_USAGE = YES_ERROR;
				CLANG_WARN_DOCUMENTATION_COMMENTS = YES;
				CLANG_WARN_EMPTY_BODY = YES;
				CLANG_WARN_ENUM_CONVERSION = YES;
				CLANG_WARN_INFINITE_RECURSION = YES;
				CLANG_WARN_INT_CONVERSION = YES;
				CLANG_WARN_NON_LITERAL_NULL_CONVERSION = YES;
				CLANG_WARN_OBJC_IMPLICIT_RETAIN_SELF = YES;
				CLANG_WARN_OBJC_LITERAL_CONVERSION = YES;
				CLANG_WARN_OBJC_ROOT_CLASS = YES_ERROR;
				CLANG_WARN_QUOTED_INCLUDE_IN_FRAMEWORK_HEADER = YES;
				CLANG_WARN_RANGE_LOOP_ANALYSIS = YES;
				CLANG_WARN_STRICT_PROTOTYPES = YES;
				CLANG_WARN_SUSPICIOUS_MOVE = YES;
				CLANG_WARN_UNGUARDED_AVAILABILITY = YES_AGGRESSIVE;
				CLANG_WARN_UNREACHABLE_CODE = YES;
				CLANG_WARN__DUPLICATE_METHOD_MATCH = YES;
				COPY_PHASE_STRIP = NO;
				DEBUG_INFORMATION_FORMAT = "dwarf-with-dsym";
				ENABLE_NS_ASSERTIONS = NO;
				ENABLE_STRICT_OBJC_MSGSEND = YES;
				GCC_C_LANGUAGE_STANDARD = gnu11;
				GCC_NO_COMMON_BLOCKS = YES;
				GCC_WARN_64_TO_32_BIT_CONVERSION = YES;
				GCC_WARN_ABOUT_RETURN_TYPE = YES_ERROR;
				GCC_WARN_UNDECLARED_SELECTOR = YES;
				GCC_WARN_UNINITIALIZED_AUTOS = YES_AGGRESSIVE;
				GCC_WARN_UNUSED_FUNCTION = YES;
				GCC_WARN_UNUSED_VARIABLE = YES;
				IPHONEOS_DEPLOYMENT_TARGET = 16.2;
				MTL_ENABLE_DEBUG_INFO = NO;
				MTL_FAST_MATH = YES;
				SDKROOT = iphoneos;
				SWIFT_COMPILATION_MODE = wholemodule;
				SWIFT_OPTIMIZATION_LEVEL = "-O";
				VALIDATE_PRODUCT = YES;
			};
			name = Release;
		};
		092A3D9129CDE45200EA1AA0 /* Debug */ = {
			isa = XCBuildConfiguration;
			buildSettings = {
				ASSETCATALOG_COMPILER_APPICON_NAME = AppIcon;
				ASSETCATALOG_COMPILER_GLOBAL_ACCENT_COLOR_NAME = AccentColor;
				CODE_SIGN_STYLE = Automatic;
				CURRENT_PROJECT_VERSION = 1;
				DEVELOPMENT_ASSET_PATHS = "\"EducationalAPP/Preview Content\"";
				DEVELOPMENT_TEAM = XZ3GM4S56F;
				ENABLE_PREVIEWS = YES;
				GENERATE_INFOPLIST_FILE = YES;
				INFOPLIST_KEY_UIApplicationSceneManifest_Generation = YES;
				INFOPLIST_KEY_UIApplicationSupportsIndirectInputEvents = YES;
				INFOPLIST_KEY_UILaunchScreen_Generation = YES;
				INFOPLIST_KEY_UISupportedInterfaceOrientations_iPad = "UIInterfaceOrientationPortrait UIInterfaceOrientationPortraitUpsideDown UIInterfaceOrientationLandscapeLeft UIInterfaceOrientationLandscapeRight";
				INFOPLIST_KEY_UISupportedInterfaceOrientations_iPhone = "UIInterfaceOrientationPortrait UIInterfaceOrientationLandscapeLeft UIInterfaceOrientationLandscapeRight";
				IPHONEOS_DEPLOYMENT_TARGET = 16.2;
				LD_RUNPATH_SEARCH_PATHS = (
					"$(inherited)",
					"@executable_path/Frameworks",
				);
				MARKETING_VERSION = 1.0;
				PRODUCT_BUNDLE_IDENTIFIER = shotikoKlibadze.EducationalAPP;
				PRODUCT_NAME = "$(TARGET_NAME)";
				SWIFT_EMIT_LOC_STRINGS = YES;
				SWIFT_VERSION = 5.0;
				TARGETED_DEVICE_FAMILY = "1,2";
			};
			name = Debug;
		};
		092A3D9229CDE45200EA1AA0 /* Release */ = {
			isa = XCBuildConfiguration;
			buildSettings = {
				ASSETCATALOG_COMPILER_APPICON_NAME = AppIcon;
				ASSETCATALOG_COMPILER_GLOBAL_ACCENT_COLOR_NAME = AccentColor;
				CODE_SIGN_STYLE = Automatic;
				CURRENT_PROJECT_VERSION = 1;
				DEVELOPMENT_ASSET_PATHS = "\"EducationalAPP/Preview Content\"";
				DEVELOPMENT_TEAM = XZ3GM4S56F;
				ENABLE_PREVIEWS = YES;
				GENERATE_INFOPLIST_FILE = YES;
				INFOPLIST_KEY_UIApplicationSceneManifest_Generation = YES;
				INFOPLIST_KEY_UIApplicationSupportsIndirectInputEvents = YES;
				INFOPLIST_KEY_UILaunchScreen_Generation = YES;
				INFOPLIST_KEY_UISupportedInterfaceOrientations_iPad = "UIInterfaceOrientationPortrait UIInterfaceOrientationPortraitUpsideDown UIInterfaceOrientationLandscapeLeft UIInterfaceOrientationLandscapeRight";
				INFOPLIST_KEY_UISupportedInterfaceOrientations_iPhone = "UIInterfaceOrientationPortrait UIInterfaceOrientationLandscapeLeft UIInterfaceOrientationLandscapeRight";
				IPHONEOS_DEPLOYMENT_TARGET = 16.2;
				LD_RUNPATH_SEARCH_PATHS = (
					"$(inherited)",
					"@executable_path/Frameworks",
				);
				MARKETING_VERSION = 1.0;
				PRODUCT_BUNDLE_IDENTIFIER = shotikoKlibadze.EducationalAPP;
				PRODUCT_NAME = "$(TARGET_NAME)";
				SWIFT_EMIT_LOC_STRINGS = YES;
				SWIFT_VERSION = 5.0;
				TARGETED_DEVICE_FAMILY = "1,2";
			};
			name = Release;
		};
/* End XCBuildConfiguration section */

/* Begin XCConfigurationList section */
		092A3D7D29CDE45000EA1AA0 /* Build configuration list for PBXProject "EducationalAPP" */ = {
			isa = XCConfigurationList;
			buildConfigurations = (
				092A3D8E29CDE45200EA1AA0 /* Debug */,
				092A3D8F29CDE45200EA1AA0 /* Release */,
			);
			defaultConfigurationIsVisible = 0;
			defaultConfigurationName = Release;
		};
		092A3D9029CDE45200EA1AA0 /* Build configuration list for PBXNativeTarget "EducationalAPP" */ = {
			isa = XCConfigurationList;
			buildConfigurations = (
				092A3D9129CDE45200EA1AA0 /* Debug */,
				092A3D9229CDE45200EA1AA0 /* Release */,
			);
			defaultConfigurationIsVisible = 0;
			defaultConfigurationName = Release;
		};
/* End XCConfigurationList section */
	};
	rootObject = 092A3D7A29CDE45000EA1AA0 /* Project object */;
}
